
Microsoft Visual Studio Solution File, Format Version 12.00
# Visual Studio 15
VisualStudioVersion = 15.0.26430.13
MinimumVisualStudioVersion = 10.0.40219.1
Project("{9A19103F-16F7-4668-BE54-9A1E7A4F7556}") = "LightBlog", "LightBlog.csproj", "{EB72E801-9F64-40A2-AB9C-6DAE21205EBD}"
EndProject
Project("{FAE04EC0-301F-11D3-BF4B-00C04F79EFBC}") = "LightBlog.Two", "LightBlog.Two\LightBlog.Two.csproj", "{77370311-DC6D-4C03-9167-3AA43CFF8EBC}"
EndProject
Global
	GlobalSection(SolutionConfigurationPlatforms) = preSolution
		Debug|Any CPU = Debug|Any CPU
		Release|Any CPU = Release|Any CPU
	EndGlobalSection
	GlobalSection(ProjectConfigurationPlatforms) = postSolution
		{EB72E801-9F64-40A2-AB9C-6DAE21205EBD}.Debug|Any CPU.ActiveCfg = Debug|Any CPU
		{EB72E801-9F64-40A2-AB9C-6DAE21205EBD}.Debug|Any CPU.Build.0 = Debug|Any CPU
		{EB72E801-9F64-40A2-AB9C-6DAE21205EBD}.Release|Any CPU.ActiveCfg = Release|Any CPU
		{EB72E801-9F64-40A2-AB9C-6DAE21205EBD}.Release|Any CPU.Build.0 = Release|Any CPU
		{77370311-DC6D-4C03-9167-3AA43CFF8EBC}.Debug|Any CPU.ActiveCfg = Debug|Any CPU
		{77370311-DC6D-4C03-9167-3AA43CFF8EBC}.Debug|Any CPU.Build.0 = Debug|Any CPU
		{77370311-DC6D-4C03-9167-3AA43CFF8EBC}.Release|Any CPU.ActiveCfg = Release|Any CPU
		{77370311-DC6D-4C03-9167-3AA43CFF8EBC}.Release|Any CPU.Build.0 = Release|Any CPU
	EndGlobalSection
	GlobalSection(SolutionProperties) = preSolution
		HideSolutionNode = FALSE
	EndGlobalSection
EndGlobal
